// !$*UTF8*$!
{
	archiveVersion = 1;
	classes = {
	};
	objectVersion = 46;
	objects = {

/* Begin PBXBuildFile section */
		FFFE1E3F1F6A79B100FAD485 /* AppDelegate.swift in Sources */ = {isa = PBXBuildFile; fileRef = FFFE1E3E1F6A79B100FAD485 /* AppDelegate.swift */; };
		FFFE1E411F6A79B100FAD485 /* ViewController.swift in Sources */ = {isa = PBXBuildFile; fileRef = FFFE1E401F6A79B100FAD485 /* ViewController.swift */; };
		FFFE1E441F6A79B100FAD485 /* Main.storyboard in Resources */ = {isa = PBXBuildFile; fileRef = FFFE1E421F6A79B100FAD485 /* Main.storyboard */; };
		FFFE1E461F6A79B100FAD485 /* Assets.xcassets in Resources */ = {isa = PBXBuildFile; fileRef = FFFE1E451F6A79B100FAD485 /* Assets.xcassets */; };
		FFFE1E491F6A79B100FAD485 /* LaunchScreen.storyboard in Resources */ = {isa = PBXBuildFile; fileRef = FFFE1E471F6A79B100FAD485 /* LaunchScreen.storyboard */; };
/* End PBXBuildFile section */

/* Begin PBXFileReference section */
		FFFE1E3B1F6A79B100FAD485 /* MemoryTips.app */ = {isa = PBXFileReference; explicitFileType = wrapper.application; includeInIndex = 0; path = MemoryTips.app; sourceTree = BUILT_PRODUCTS_DIR; };
		FFFE1E3E1F6A79B100FAD485 /* AppDelegate.swift */ = {isa = PBXFileReference; lastKnownFileType = sourcecode.swift; path = AppDelegate.swift; sourceTree = "<group>"; };
		FFFE1E401F6A79B100FAD485 /* ViewController.swift */ = {isa = PBXFileReference; lastKnownFileType = sourcecode.swift; path = ViewController.swift; sourceTree = "<group>"; };
		FFFE1E431F6A79B100FAD485 /* Base */ = {isa = PBXFileReference; lastKnownFileType = file.storyboard; name = Base; path = Base.lproj/Main.storyboard; sourceTree = "<group>"; };
		FFFE1E451F6A79B100FAD485 /* Assets.xcassets */ = {isa = PBXFileReference; lastKnownFileType = folder.assetcatalog; path = Assets.xcassets; sourceTree = "<group>"; };
		FFFE1E481F6A79B100FAD485 /* Base */ = {isa = PBXFileReference; lastKnownFileType = file.storyboard; name = Base; path = Base.lproj/LaunchScreen.storyboard; sourceTree = "<group>"; };
		FFFE1E4A1F6A79B100FAD485 /* Info.plist */ = {isa = PBXFileReference; lastKnownFileType = text.plist.xml; path = Info.plist; sourceTree = "<group>"; };
/* End PBXFileReference section */

/* Begin PBXFrameworksBuildPhase section */
		FFFE1E381F6A79B100FAD485 /* Frameworks */ = {
			isa = PBXFrameworksBuildPhase;
			buildActionMask = 2147483647;
			files = (
			);
			runOnlyForDeploymentPostprocessing = 0;
		};
/* End PBXFrameworksBuildPhase section */

/* Begin PBXGroup section */
		FFFE1E321F6A79B100FAD485 = {
			isa = PBXGroup;
			children = (
				FFFE1E3D1F6A79B100FAD485 /* MemoryTips */,
				FFFE1E3C1F6A79B100FAD485 /* Products */,
			);
			sourceTree = "<group>";
		};
		FFFE1E3C1F6A79B100FAD485 /* Products */ = {
			isa = PBXGroup;
			children = (
				FFFE1E3B1F6A79B100FAD485 /* MemoryTips.app */,
			);
			name = Products;
			sourceTree = "<group>";
		};
		FFFE1E3D1F6A79B100FAD485 /* MemoryTips */ = {
			isa = PBXGroup;
			children = (
				FFFE1E3E1F6A79B100FAD485 /* AppDelegate.swift */,
				FFFE1E401F6A79B100FAD485 /* ViewController.swift */,
				FFFE1E421F6A79B100FAD485 /* Main.storyboard */,
				FFFE1E451F6A79B100FAD485 /* Assets.xcassets */,
				FFFE1E471F6A79B100FAD485 /* LaunchScreen.storyboard */,
				FFFE1E4A1F6A79B100FAD485 /* Info.plist */,
			);
			path = MemoryTips;
			sourceTree = "<group>";
		};
/* End PBXGroup section */

/* Begin PBXNativeTarget section */
		FFFE1E3A1F6A79B100FAD485 /* MemoryTips */ = {
			isa = PBXNativeTarget;
			buildConfigurationList = FFFE1E4D1F6A79B100FAD485 /* Build configuration list for PBXNativeTarget "MemoryTips" */;
			buildPhases = (
				FFFE1E371F6A79B100FAD485 /* Sources */,
				FFFE1E381F6A79B100FAD485 /* Frameworks */,
				FFFE1E391F6A79B100FAD485 /* Resources */,
			);
			buildRules = (
			);
			dependencies = (
			);
			name = MemoryTips;
			productName = MemoryTips;
			productReference = FFFE1E3B1F6A79B100FAD485 /* MemoryTips.app */;
			productType = "com.apple.product-type.application";
		};
/* End PBXNativeTarget section */

/* Begin PBXProject section */
		FFFE1E331F6A79B100FAD485 /* Project object */ = {
			isa = PBXProject;
			attributes = {
				LastSwiftUpdateCheck = 0830;
				LastUpgradeCheck = 0930;
				ORGANIZATIONNAME = "3Pillar Global";
				TargetAttributes = {
					FFFE1E3A1F6A79B100FAD485 = {
						CreatedOnToolsVersion = 8.3.3;
						DevelopmentTeam = TMQ7PR2UWW;
						LastSwiftMigration = 0930;
						ProvisioningStyle = Automatic;
					};
				};
			};
			buildConfigurationList = FFFE1E361F6A79B100FAD485 /* Build configuration list for PBXProject "MemoryTips" */;
			compatibilityVersion = "Xcode 3.2";
			developmentRegion = English;
			hasScannedForEncodings = 0;
			knownRegions = (
				en,
				Base,
			);
			mainGroup = FFFE1E321F6A79B100FAD485;
			productRefGroup = FFFE1E3C1F6A79B100FAD485 /* Products */;
			projectDirPath = "";
			projectRoot = "";
			targets = (
				FFFE1E3A1F6A79B100FAD485 /* MemoryTips */,
			);
		};
/* End PBXProject section */

/* Begin PBXResourcesBuildPhase section */
		FFFE1E391F6A79B100FAD485 /* Resources */ = {
			isa = PBXResourcesBuildPhase;
			buildActionMask = 2147483647;
			files = (
				FFFE1E491F6A79B100FAD485 /* LaunchScreen.storyboard in Resources */,
				FFFE1E461F6A79B100FAD485 /* Assets.xcassets in Resources */,
				FFFE1E441F6A79B100FAD485 /* Main.storyboard in Resources */,
			);
			runOnlyForDeploymentPostprocessing = 0;
		};
/* End PBXResourcesBuildPhase section */

/* Begin PBXSourcesBuildPhase section */
		FFFE1E371F6A79B100FAD485 /* Sources */ = {
			isa = PBXSourcesBuildPhase;
			buildActionMask = 2147483647;
			files = (
				FFFE1E411F6A79B100FAD485 /* ViewController.swift in Sources */,
				FFFE1E3F1F6A79B100FAD485 /* AppDelegate.swift in Sources */,
			);
			runOnlyForDeploymentPostprocessing = 0;
		};
/* End PBXSourcesBuildPhase section */

/* Begin PBXVariantGroup section */
		FFFE1E421F6A79B100FAD485 /* Main.storyboard */ = {
			isa = PBXVariantGroup;
			children = (
				FFFE1E431F6A79B100FAD485 /* Base */,
			);
			name = Main.storyboard;
			sourceTree = "<group>";
		};
		FFFE1E471F6A79B100FAD485 /* LaunchScreen.storyboard */ = {
			isa = PBXVariantGroup;
			children = (
				FFFE1E481F6A79B100FAD485 /* Base */,
			);
			name = LaunchScreen.storyboard;
			sourceTree = "<group>";
		};
/* End PBXVariantGroup section */

/* Begin XCBuildConfiguration section */
		FFFE1E4B1F6A79B100FAD485 /* Debug */ = {
			isa = XCBuildConfiguration;
			buildSettings = {
				ALWAYS_SEARCH_USER_PATHS = NO;
				CLANG_ANALYZER_NONNULL = YES;
				CLANG_ANALYZER_NUMBER_OBJECT_CONVERSION = YES_AGGRESSIVE;
				CLANG_CXX_LANGUAGE_STANDARD = "gnu++0x";
				CLANG_CXX_LIBRARY = "libc++";
				CLANG_ENABLE_MODULES = YES;
				CLANG_ENABLE_OBJC_ARC = YES;
				CLANG_WARN_BLOCK_CAPTURE_AUTORELEASING = YES;
				CLANG_WARN_BOOL_CONVERSION = YES;
				CLANG_WARN_COMMA = YES;
				CLANG_WARN_CONSTANT_CONVERSION = YES;
				CLANG_WARN_DEPRECATED_OBJC_IMPLEMENTATIONS = YES;
				CLANG_WARN_DIRECT_OBJC_ISA_USAGE = YES_ERROR;
				CLANG_WARN_DOCUMENTATION_COMMENTS = YES;
				CLANG_WARN_EMPTY_BODY = YES;
				CLANG_WARN_ENUM_CONVERSION = YES;
				CLANG_WARN_INFINITE_RECURSION = YES;
				CLANG_WARN_INT_CONVERSION = YES;
				CLANG_WARN_NON_LITERAL_NULL_CONVERSION = YES;
				CLANG_WARN_OBJC_IMPLICIT_RETAIN_SELF = YES;
				CLANG_WARN_OBJC_LITERAL_CONVERSION = YES;
				CLANG_WARN_OBJC_ROOT_CLASS = YES_ERROR;
				CLANG_WARN_RANGE_LOOP_ANALYSIS = YES;
				CLANG_WARN_STRICT_PROTOTYPES = YES;
				CLANG_WARN_SUSPICIOUS_MOVE = YES;
				CLANG_WARN_UNREACHABLE_CODE = YES;
				CLANG_WARN__DUPLICATE_METHOD_MATCH = YES;
				"CODE_SIGN_IDENTITY[sdk=iphoneos*]" = "iPhone Developer";
				COPY_PHASE_STRIP = NO;
				DEBUG_INFORMATION_FORMAT = dwarf;
				ENABLE_STRICT_OBJC_MSGSEND = YES;
				ENABLE_TESTABILITY = YES;
				GCC_C_LANGUAGE_STANDARD = gnu99;
				GCC_DYNAMIC_NO_PIC = NO;
				GCC_NO_COMMON_BLOCKS = YES;
				GCC_OPTIMIZATION_LEVEL = 0;
				GCC_PREPROCESSOR_DEFINITIONS = (
					"DEBUG=1",
					"$(inherited)",
				);
				GCC_WARN_64_TO_32_BIT_CONVERSION = YES;
				GCC_WARN_ABOUT_RETURN_TYPE = YES_ERROR;
				GCC_WARN_UNDECLARED_SELECTOR = YES;
				GCC_WARN_UNINITIALIZED_AUTOS = YES_AGGRESSIVE;
				GCC_WARN_UNUSED_FUNCTION = YES;
				GCC_WARN_UNUSED_VARIABLE = YES;
				IPHONEOS_DEPLOYMENT_TARGET = 10.3;
				MTL_ENABLE_DEBUG_INFO = YES;
				ONLY_ACTIVE_ARCH = YES;
				SDKROOT = iphoneos;
				SWIFT_ACTIVE_COMPILATION_CONDITIONS = DEBUG;
				SWIFT_OPTIMIZATION_LEVEL = "-Onone";
				TARGETED_DEVICE_FAMILY = "1,2";
			};
			name = Debug;
		};
		FFFE1E4C1F6A79B100FAD485 /* Release */ = {
			isa = XCBuildConfiguration;
			buildSettings = {
				ALWAYS_SEARCH_USER_PATHS = NO;
				CLANG_ANALYZER_NONNULL = YES;
				CLANG_ANALYZER_NUMBER_OBJECT_CONVERSION = YES_AGGRESSIVE;
				CLANG_CXX_LANGUAGE_STANDARD = "gnu++0x";
				CLANG_CXX_LIBRARY = "libc++";
				CLANG_ENABLE_MODULES = YES;
				CLANG_ENABLE_OBJC_ARC = YES;
				CLANG_WARN_BLOCK_CAPTURE_AUTORELEASING = YES;
				CLANG_WARN_BOOL_CONVERSION = YES;
				CLANG_WARN_COMMA = YES;
				CLANG_WARN_CONSTANT_CONVERSION = YES;
				CLANG_WARN_DEPRECATED_OBJC_IMPLEMENTATIONS = YES;
				CLANG_WARN_DIRECT_OBJC_ISA_USAGE = YES_ERROR;
				CLANG_WARN_DOCUMENTATION_COMMENTS = YES;
				CLANG_WARN_EMPTY_BODY = YES;
				CLANG_WARN_ENUM_CONVERSION = YES;
				CLANG_WARN_INFINITE_RECURSION = YES;
				CLANG_WARN_INT_CONVERSION = YES;
				CLANG_WARN_NON_LITERAL_NULL_CONVERSION = YES;
				CLANG_WARN_OBJC_IMPLICIT_RETAIN_SELF = YES;
				CLANG_WARN_OBJC_LITERAL_CONVERSION = YES;
				CLANG_WARN_OBJC_ROOT_CLASS = YES_ERROR;
				CLANG_WARN_RANGE_LOOP_ANALYSIS = YES;
				CLANG_WARN_STRICT_PROTOTYPES = YES;
				CLANG_WARN_SUSPICIOUS_MOVE = YES;
				CLANG_WARN_UNREACHABLE_CODE = YES;
				CLANG_WARN__DUPLICATE_METHOD_MATCH = YES;
				"CODE_SIGN_IDENTITY[sdk=iphoneos*]" = "iPhone Developer";
				COPY_PHASE_STRIP = NO;
				DEBUG_INFORMATION_FORMAT = "dwarf-with-dsym";
				ENABLE_NS_ASSERTIONS = NO;
				ENABLE_STRICT_OBJC_MSGSEND = YES;
				GCC_C_LANGUAGE_STANDARD = gnu99;
				GCC_NO_COMMON_BLOCKS = YES;
				GCC_WARN_64_TO_32_BIT_CONVERSION = YES;
				GCC_WARN_ABOUT_RETURN_TYPE = YES_ERROR;
				GCC_WARN_UNDECLARED_SELECTOR = YES;
				GCC_WARN_UNINITIALIZED_AUTOS = YES_AGGRESSIVE;
				GCC_WARN_UNUSED_FUNCTION = YES;
				GCC_WARN_UNUSED_VARIABLE = YES;
				IPHONEOS_DEPLOYMENT_TARGET = 10.3;
				MTL_ENABLE_DEBUG_INFO = NO;
				SDKROOT = iphoneos;
				SWIFT_OPTIMIZATION_LEVEL = "-Owholemodule";
				TARGETED_DEVICE_FAMILY = "1,2";
				VALIDATE_PRODUCT = YES;
			};
			name = Release;
		};
		FFFE1E4E1F6A79B100FAD485 /* Debug */ = {
			isa = XCBuildConfiguration;
			buildSettings = {
				ASSETCATALOG_COMPILER_APPICON_NAME = AppIcon;
				DEVELOPMENT_TEAM = TMQ7PR2UWW;
				INFOPLIST_FILE = MemoryTips/Info.plist;
				LD_RUNPATH_SEARCH_PATHS = "$(inherited) @executable_path/Frameworks";
				PRODUCT_BUNDLE_IDENTIFIER = "-PG.MemoryTips";
				PRODUCT_NAME = "$(TARGET_NAME)";
				SWIFT_SWIFT3_OBJC_INFERENCE = On;
				SWIFT_VERSION = 4.0;
			};
			name = Debug;
		};
		FFFE1E4F1F6A79B100FAD485 /* Release */ = {
			isa = XCBuildConfiguration;
			buildSettings = {
				ASSETCATALOG_COMPILER_APPICON_NAME = AppIcon;
				DEVELOPMENT_TEAM = TMQ7PR2UWW;
				INFOPLIST_FILE = MemoryTips/Info.plist;
				LD_RUNPATH_SEARCH_PATHS = "$(inherited) @executable_path/Frameworks";
				PRODUCT_BUNDLE_IDENTIFIER = "-PG.MemoryTips";
				PRODUCT_NAME = "$(TARGET_NAME)";
				SWIFT_SWIFT3_OBJC_INFERENCE = On;
				SWIFT_VERSION = 4.0;
			};
			name = Release;
		};
/* End XCBuildConfiguration section */

/* Begin XCConfigurationList section */
		FFFE1E361F6A79B100FAD485 /* Build configuration list for PBXProject "MemoryTips" */ = {
			isa = XCConfigurationList;
			buildConfigurations = (
				FFFE1E4B1F6A79B100FAD485 /* Debug */,
				FFFE1E4C1F6A79B100FAD485 /* Release */,
			);
			defaultConfigurationIsVisible = 0;
			defaultConfigurationName = Release;
		};
		FFFE1E4D1F6A79B100FAD485 /* Build configuration list for PBXNativeTarget "MemoryTips" */ = {
			isa = XCConfigurationList;
			buildConfigurations = (
				FFFE1E4E1F6A79B100FAD485 /* Debug */,
				FFFE1E4F1F6A79B100FAD485 /* Release */,
			);
			defaultConfigurationIsVisible = 0;
			defaultConfigurationName = Release;
		};
/* End XCConfigurationList section */
	};
	rootObject = FFFE1E331F6A79B100FAD485 /* Project object */;
}
